
Microsoft Visual Studio Solution File, Format Version 12.00
# Visual Studio 2013
VisualStudioVersion = 12.0.30501.0
MinimumVisualStudioVersion = 10.0.40219.1
Project("{8BC9CEB8-8B4A-11D0-8D11-00A0C91BC942}") = "Invisibility", "Invisibility\Invisibility.vcxproj", "{352F721B-84F7-44BD-947E-18A5A65B1AC2}"
EndProject
Project("{8BC9CEB8-8B4A-11D0-8D11-00A0C91BC942}") = "Invisibility Package", "Invisibility Package\Invisibility Package.vcxproj", "{C95BADF7-6236-4196-9B1F-C8A533F12C88}"
	ProjectSection(ProjectDependencies) = postProject
		{352F721B-84F7-44BD-947E-18A5A65B1AC2} = {352F721B-84F7-44BD-947E-18A5A65B1AC2}
	EndProjectSection
EndProject
Project("{8BC9CEB8-8B4A-11D0-8D11-00A0C91BC942}") = "Ring3", "Ring3\Ring3.vcxproj", "{84A4A350-6DCB-40D3-BAE1-9B06D89CDA32}"
EndProject
Project("{8BC9CEB8-8B4A-11D0-8D11-00A0C91BC942}") = "DriveTest", "DriveTest\DriveTest.vcxproj", "{7FB8740D-E46C-49D9-907E-72BDF0672BF4}"
EndProject
Project("{8BC9CEB8-8B4A-11D0-8D11-00A0C91BC942}") = "SSDTHook", "SSDTHook\SSDTHook.vcxproj", "{236E9EDC-B1C5-44B9-AF48-42D93ED195C8}"
EndProject
Global
	GlobalSection(SolutionConfigurationPlatforms) = preSolution
		Debug|Mixed Platforms = Debug|Mixed Platforms
		Debug|Win32 = Debug|Win32
		Debug|x64 = Debug|x64
		HWF_Dirve|Mixed Platforms = HWF_Dirve|Mixed Platforms
		HWF_Dirve|Win32 = HWF_Dirve|Win32
		HWF_Dirve|x64 = HWF_Dirve|x64
		Release|Mixed Platforms = Release|Mixed Platforms
		Release|Win32 = Release|Win32
		Release|x64 = Release|x64
		Win7 Debug|Mixed Platforms = Win7 Debug|Mixed Platforms
		Win7 Debug|Win32 = Win7 Debug|Win32
		Win7 Debug|x64 = Win7 Debug|x64
		Win7 Release|Mixed Platforms = Win7 Release|Mixed Platforms
		Win7 Release|Win32 = Win7 Release|Win32
		Win7 Release|x64 = Win7 Release|x64
		Win8 Debug|Mixed Platforms = Win8 Debug|Mixed Platforms
		Win8 Debug|Win32 = Win8 Debug|Win32
		Win8 Debug|x64 = Win8 Debug|x64
		Win8 Release|Mixed Platforms = Win8 Release|Mixed Platforms
		Win8 Release|Win32 = Win8 Release|Win32
		Win8 Release|x64 = Win8 Release|x64
		Win8.1 Debug|Mixed Platforms = Win8.1 Debug|Mixed Platforms
		Win8.1 Debug|Win32 = Win8.1 Debug|Win32
		Win8.1 Debug|x64 = Win8.1 Debug|x64
		Win8.1 Release|Mixed Platforms = Win8.1 Release|Mixed Platforms
		Win8.1 Release|Win32 = Win8.1 Release|Win32
		Win8.1 Release|x64 = Win8.1 Release|x64
	EndGlobalSection
	GlobalSection(ProjectConfigurationPlatforms) = postSolution
		{352F721B-84F7-44BD-947E-18A5A65B1AC2}.Debug|Mixed Platforms.ActiveCfg = Win8.1 Debug|Win32
		{352F721B-84F7-44BD-947E-18A5A65B1AC2}.Debug|Mixed Platforms.Build.0 = Win8.1 Debug|Win32
		{352F721B-84F7-44BD-947E-18A5A65B1AC2}.Debug|Win32.ActiveCfg = Win8.1 Debug|Win32
		{352F721B-84F7-44BD-947E-18A5A65B1AC2}.Debug|Win32.Build.0 = Win8.1 Debug|Win32
		{352F721B-84F7-44BD-947E-18A5A65B1AC2}.Debug|x64.ActiveCfg = Win8.1 Debug|x64
		{352F721B-84F7-44BD-947E-18A5A65B1AC2}.Debug|x64.Build.0 = Win8.1 Debug|x64
		{352F721B-84F7-44BD-947E-18A5A65B1AC2}.Debug|x64.Deploy.0 = Win8.1 Debug|x64
		{352F721B-84F7-44BD-947E-18A5A65B1AC2}.HWF_Dirve|Mixed Platforms.ActiveCfg = HWF_Dirve|Win32
		{352F721B-84F7-44BD-947E-18A5A65B1AC2}.HWF_Dirve|Mixed Platforms.Build.0 = HWF_Dirve|Win32
		{352F721B-84F7-44BD-947E-18A5A65B1AC2}.HWF_Dirve|Win32.ActiveCfg = HWF_Dirve|Win32
		{352F721B-84F7-44BD-947E-18A5A65B1AC2}.HWF_Dirve|Win32.Build.0 = HWF_Dirve|Win32
		{352F721B-84F7-44BD-947E-18A5A65B1AC2}.HWF_Dirve|Win32.Deploy.0 = HWF_Dirve|Win32
		{352F721B-84F7-44BD-947E-18A5A65B1AC2}.HWF_Dirve|x64.ActiveCfg = HWF_Dirve|x64
		{352F721B-84F7-44BD-947E-18A5A65B1AC2}.HWF_Dirve|x64.Build.0 = HWF_Dirve|x64
		{352F721B-84F7-44BD-947E-18A5A65B1AC2}.HWF_Dirve|x64.Deploy.0 = HWF_Dirve|x64
		{352F721B-84F7-44BD-947E-18A5A65B1AC2}.Release|Mixed Platforms.ActiveCfg = Win8.1 Release|Win32
		{352F721B-84F7-44BD-947E-18A5A65B1AC2}.Release|Mixed Platforms.Build.0 = Win8.1 Release|Win32
		{352F721B-84F7-44BD-947E-18A5A65B1AC2}.Release|Win32.ActiveCfg = Win8.1 Release|Win32
		{352F721B-84F7-44BD-947E-18A5A65B1AC2}.Release|Win32.Build.0 = Win8.1 Release|Win32
		{352F721B-84F7-44BD-947E-18A5A65B1AC2}.Release|x64.ActiveCfg = Win8.1 Release|x64
		{352F721B-84F7-44BD-947E-18A5A65B1AC2}.Release|x64.Build.0 = Win8.1 Release|x64
		{352F721B-84F7-44BD-947E-18A5A65B1AC2}.Release|x64.Deploy.0 = Win8.1 Release|x64
		{352F721B-84F7-44BD-947E-18A5A65B1AC2}.Win7 Debug|Mixed Platforms.ActiveCfg = Win7 Debug|Win32
		{352F721B-84F7-44BD-947E-18A5A65B1AC2}.Win7 Debug|Mixed Platforms.Build.0 = Win7 Debug|Win32
		{352F721B-84F7-44BD-947E-18A5A65B1AC2}.Win7 Debug|Win32.ActiveCfg = Win7 Debug|Win32
		{352F721B-84F7-44BD-947E-18A5A65B1AC2}.Win7 Debug|Win32.Build.0 = Win7 Debug|Win32
		{352F721B-84F7-44BD-947E-18A5A65B1AC2}.Win7 Debug|Win32.Deploy.0 = Win7 Debug|Win32
		{352F721B-84F7-44BD-947E-18A5A65B1AC2}.Win7 Debug|x64.ActiveCfg = Win7 Debug|x64
		{352F721B-84F7-44BD-947E-18A5A65B1AC2}.Win7 Debug|x64.Build.0 = Win7 Debug|x64
		{352F721B-84F7-44BD-947E-18A5A65B1AC2}.Win7 Debug|x64.Deploy.0 = Win7 Debug|x64
		{352F721B-84F7-44BD-947E-18A5A65B1AC2}.Win7 Release|Mixed Platforms.ActiveCfg = Win7 Release|Win32
		{352F721B-84F7-44BD-947E-18A5A65B1AC2}.Win7 Release|Mixed Platforms.Build.0 = Win7 Release|Win32
		{352F721B-84F7-44BD-947E-18A5A65B1AC2}.Win7 Release|Win32.ActiveCfg = Win7 Release|Win32
		{352F721B-84F7-44BD-947E-18A5A65B1AC2}.Win7 Release|Win32.Build.0 = Win7 Release|Win32
		{352F721B-84F7-44BD-947E-18A5A65B1AC2}.Win7 Release|Win32.Deploy.0 = Win7 Release|Win32
		{352F721B-84F7-44BD-947E-18A5A65B1AC2}.Win7 Release|x64.ActiveCfg = Win7 Release|x64
		{352F721B-84F7-44BD-947E-18A5A65B1AC2}.Win7 Release|x64.Build.0 = Win7 Release|x64
		{352F721B-84F7-44BD-947E-18A5A65B1AC2}.Win7 Release|x64.Deploy.0 = Win7 Release|x64
		{352F721B-84F7-44BD-947E-18A5A65B1AC2}.Win8 Debug|Mixed Platforms.ActiveCfg = Win8 Debug|Win32
		{352F721B-84F7-44BD-947E-18A5A65B1AC2}.Win8 Debug|Mixed Platforms.Build.0 = Win8 Debug|Win32
		{352F721B-84F7-44BD-947E-18A5A65B1AC2}.Win8 Debug|Win32.ActiveCfg = Win8 Debug|Win32
		{352F721B-84F7-44BD-947E-18A5A65B1AC2}.Win8 Debug|Win32.Build.0 = Win8 Debug|Win32
		{352F721B-84F7-44BD-947E-18A5A65B1AC2}.Win8 Debug|Win32.Deploy.0 = Win8 Debug|Win32
		{352F721B-84F7-44BD-947E-18A5A65B1AC2}.Win8 Debug|x64.ActiveCfg = Win8 Debug|x64
		{352F721B-84F7-44BD-947E-18A5A65B1AC2}.Win8 Debug|x64.Build.0 = Win8 Debug|x64
		{352F721B-84F7-44BD-947E-18A5A65B1AC2}.Win8 Debug|x64.Deploy.0 = Win8 Debug|x64
		{352F721B-84F7-44BD-947E-18A5A65B1AC2}.Win8 Release|Mixed Platforms.ActiveCfg = Win8 Release|Win32
		{352F721B-84F7-44BD-947E-18A5A65B1AC2}.Win8 Release|Mixed Platforms.Build.0 = Win8 Release|Win32
		{352F721B-84F7-44BD-947E-18A5A65B1AC2}.Win8 Release|Win32.ActiveCfg = Win8 Release|Win32
		{352F721B-84F7-44BD-947E-18A5A65B1AC2}.Win8 Release|Win32.Build.0 = Win8 Release|Win32
		{352F721B-84F7-44BD-947E-18A5A65B1AC2}.Win8 Release|Win32.Deploy.0 = Win8 Release|Win32
		{352F721B-84F7-44BD-947E-18A5A65B1AC2}.Win8 Release|x64.ActiveCfg = Win8 Release|x64
		{352F721B-84F7-44BD-947E-18A5A65B1AC2}.Win8 Release|x64.Build.0 = Win8 Release|x64
		{352F721B-84F7-44BD-947E-18A5A65B1AC2}.Win8 Release|x64.Deploy.0 = Win8 Release|x64
		{352F721B-84F7-44BD-947E-18A5A65B1AC2}.Win8.1 Debug|Mixed Platforms.ActiveCfg = Win8.1 Debug|Win32
		{352F721B-84F7-44BD-947E-18A5A65B1AC2}.Win8.1 Debug|Mixed Platforms.Build.0 = Win8.1 Debug|Win32
		{352F721B-84F7-44BD-947E-18A5A65B1AC2}.Win8.1 Debug|Win32.ActiveCfg = Win8.1 Debug|Win32
		{352F721B-84F7-44BD-947E-18A5A65B1AC2}.Win8.1 Debug|Win32.Build.0 = Win8.1 Debug|Win32
		{352F721B-84F7-44BD-947E-18A5A65B1AC2}.Win8.1 Debug|Win32.Deploy.0 = Win8.1 Debug|Win32
		{352F721B-84F7-44BD-947E-18A5A65B1AC2}.Win8.1 Debug|x64.ActiveCfg = Win8.1 Debug|x64
		{352F721B-84F7-44BD-947E-18A5A65B1AC2}.Win8.1 Debug|x64.Build.0 = Win8.1 Debug|x64
		{352F721B-84F7-44BD-947E-18A5A65B1AC2}.Win8.1 Debug|x64.Deploy.0 = Win8.1 Debug|x64
		{352F721B-84F7-44BD-947E-18A5A65B1AC2}.Win8.1 Release|Mixed Platforms.ActiveCfg = Win8.1 Release|Win32
		{352F721B-84F7-44BD-947E-18A5A65B1AC2}.Win8.1 Release|Mixed Platforms.Build.0 = Win8.1 Release|Win32
		{352F721B-84F7-44BD-947E-18A5A65B1AC2}.Win8.1 Release|Win32.ActiveCfg = Win8.1 Release|Win32
		{352F721B-84F7-44BD-947E-18A5A65B1AC2}.Win8.1 Release|Win32.Build.0 = Win8.1 Release|Win32
		{352F721B-84F7-44BD-947E-18A5A65B1AC2}.Win8.1 Release|Win32.Deploy.0 = Win8.1 Release|Win32
		{352F721B-84F7-44BD-947E-18A5A65B1AC2}.Win8.1 Release|x64.ActiveCfg = Win8.1 Release|x64
		{352F721B-84F7-44BD-947E-18A5A65B1AC2}.Win8.1 Release|x64.Build.0 = Win8.1 Release|x64
		{352F721B-84F7-44BD-947E-18A5A65B1AC2}.Win8.1 Release|x64.Deploy.0 = Win8.1 Release|x64
		{C95BADF7-6236-4196-9B1F-C8A533F12C88}.Debug|Mixed Platforms.ActiveCfg = Win8.1 Debug|Win32
		{C95BADF7-6236-4196-9B1F-C8A533F12C88}.Debug|Mixed Platforms.Build.0 = Win8.1 Debug|Win32
		{C95BADF7-6236-4196-9B1F-C8A533F12C88}.Debug|Win32.ActiveCfg = Win8.1 Debug|Win32
		{C95BADF7-6236-4196-9B1F-C8A533F12C88}.Debug|Win32.Build.0 = Win8.1 Debug|Win32
		{C95BADF7-6236-4196-9B1F-C8A533F12C88}.Debug|x64.ActiveCfg = Win8.1 Debug|x64
		{C95BADF7-6236-4196-9B1F-C8A533F12C88}.Debug|x64.Build.0 = Win8.1 Debug|x64
		{C95BADF7-6236-4196-9B1F-C8A533F12C88}.Debug|x64.Deploy.0 = Win8.1 Debug|x64
		{C95BADF7-6236-4196-9B1F-C8A533F12C88}.HWF_Dirve|Mixed Platforms.ActiveCfg = HWF_Dirve|Win32
		{C95BADF7-6236-4196-9B1F-C8A533F12C88}.HWF_Dirve|Mixed Platforms.Build.0 = HWF_Dirve|Win32
		{C95BADF7-6236-4196-9B1F-C8A533F12C88}.HWF_Dirve|Win32.ActiveCfg = HWF_Dirve|Win32
		{C95BADF7-6236-4196-9B1F-C8A533F12C88}.HWF_Dirve|Win32.Build.0 = HWF_Dirve|Win32
		{C95BADF7-6236-4196-9B1F-C8A533F12C88}.HWF_Dirve|Win32.Deploy.0 = HWF_Dirve|Win32
		{C95BADF7-6236-4196-9B1F-C8A533F12C88}.HWF_Dirve|x64.ActiveCfg = HWF_Dirve|x64
		{C95BADF7-6236-4196-9B1F-C8A533F12C88}.HWF_Dirve|x64.Build.0 = HWF_Dirve|x64
		{C95BADF7-6236-4196-9B1F-C8A533F12C88}.HWF_Dirve|x64.Deploy.0 = HWF_Dirve|x64
		{C95BADF7-6236-4196-9B1F-C8A533F12C88}.Release|Mixed Platforms.ActiveCfg = Win8.1 Release|Win32
		{C95BADF7-6236-4196-9B1F-C8A533F12C88}.Release|Mixed Platforms.Build.0 = Win8.1 Release|Win32
		{C95BADF7-6236-4196-9B1F-C8A533F12C88}.Release|Win32.ActiveCfg = Win8.1 Release|Win32
		{C95BADF7-6236-4196-9B1F-C8A533F12C88}.Release|Win32.Build.0 = Win8.1 Release|Win32
		{C95BADF7-6236-4196-9B1F-C8A533F12C88}.Release|x64.ActiveCfg = Win8.1 Release|x64
		{C95BADF7-6236-4196-9B1F-C8A533F12C88}.Release|x64.Build.0 = Win8.1 Release|x64
		{C95BADF7-6236-4196-9B1F-C8A533F12C88}.Release|x64.Deploy.0 = Win8.1 Release|x64
		{C95BADF7-6236-4196-9B1F-C8A533F12C88}.Win7 Debug|Mixed Platforms.ActiveCfg = Win7 Debug|Win32
		{C95BADF7-6236-4196-9B1F-C8A533F12C88}.Win7 Debug|Mixed Platforms.Build.0 = Win7 Debug|Win32
		{C95BADF7-6236-4196-9B1F-C8A533F12C88}.Win7 Debug|Win32.ActiveCfg = Win7 Debug|Win32
		{C95BADF7-6236-4196-9B1F-C8A533F12C88}.Win7 Debug|Win32.Build.0 = Win7 Debug|Win32
		{C95BADF7-6236-4196-9B1F-C8A533F12C88}.Win7 Debug|Win32.Deploy.0 = Win7 Debug|Win32
		{C95BADF7-6236-4196-9B1F-C8A533F12C88}.Win7 Debug|x64.ActiveCfg = Win7 Debug|x64
		{C95BADF7-6236-4196-9B1F-C8A533F12C88}.Win7 Debug|x64.Build.0 = Win7 Debug|x64
		{C95BADF7-6236-4196-9B1F-C8A533F12C88}.Win7 Debug|x64.Deploy.0 = Win7 Debug|x64
		{C95BADF7-6236-4196-9B1F-C8A533F12C88}.Win7 Release|Mixed Platforms.ActiveCfg = Win7 Release|Win32
		{C95BADF7-6236-4196-9B1F-C8A533F12C88}.Win7 Release|Mixed Platforms.Build.0 = Win7 Release|Win32
		{C95BADF7-6236-4196-9B1F-C8A533F12C88}.Win7 Release|Win32.ActiveCfg = Win7 Release|Win32
		{C95BADF7-6236-4196-9B1F-C8A533F12C88}.Win7 Release|Win32.Build.0 = Win7 Release|Win32
		{C95BADF7-6236-4196-9B1F-C8A533F12C88}.Win7 Release|Win32.Deploy.0 = Win7 Release|Win32
		{C95BADF7-6236-4196-9B1F-C8A533F12C88}.Win7 Release|x64.ActiveCfg = Win7 Release|x64
		{C95BADF7-6236-4196-9B1F-C8A533F12C88}.Win7 Release|x64.Build.0 = Win7 Release|x64
		{C95BADF7-6236-4196-9B1F-C8A533F12C88}.Win7 Release|x64.Deploy.0 = Win7 Release|x64
		{C95BADF7-6236-4196-9B1F-C8A533F12C88}.Win8 Debug|Mixed Platforms.ActiveCfg = Win8 Debug|Win32
		{C95BADF7-6236-4196-9B1F-C8A533F12C88}.Win8 Debug|Mixed Platforms.Build.0 = Win8 Debug|Win32
		{C95BADF7-6236-4196-9B1F-C8A533F12C88}.Win8 Debug|Win32.ActiveCfg = Win8 Debug|Win32
		{C95BADF7-6236-4196-9B1F-C8A533F12C88}.Win8 Debug|Win32.Build.0 = Win8 Debug|Win32
		{C95BADF7-6236-4196-9B1F-C8A533F12C88}.Win8 Debug|Win32.Deploy.0 = Win8 Debug|Win32
		{C95BADF7-6236-4196-9B1F-C8A533F12C88}.Win8 Debug|x64.ActiveCfg = Win8 Debug|x64
		{C95BADF7-6236-4196-9B1F-C8A533F12C88}.Win8 Debug|x64.Build.0 = Win8 Debug|x64
		{C95BADF7-6236-4196-9B1F-C8A533F12C88}.Win8 Debug|x64.Deploy.0 = Win8 Debug|x64
		{C95BADF7-6236-4196-9B1F-C8A533F12C88}.Win8 Release|Mixed Platforms.ActiveCfg = Win8 Release|Win32
		{C95BADF7-6236-4196-9B1F-C8A533F12C88}.Win8 Release|Mixed Platforms.Build.0 = Win8 Release|Win32
		{C95BADF7-6236-4196-9B1F-C8A533F12C88}.Win8 Release|Win32.ActiveCfg = Win8 Release|Win32
		{C95BADF7-6236-4196-9B1F-C8A533F12C88}.Win8 Release|Win32.Build.0 = Win8 Release|Win32
		{C95BADF7-6236-4196-9B1F-C8A533F12C88}.Win8 Release|Win32.Deploy.0 = Win8 Release|Win32
		{C95BADF7-6236-4196-9B1F-C8A533F12C88}.Win8 Release|x64.ActiveCfg = Win8 Release|x64
		{C95BADF7-6236-4196-9B1F-C8A533F12C88}.Win8 Release|x64.Build.0 = Win8 Release|x64
		{C95BADF7-6236-4196-9B1F-C8A533F12C88}.Win8 Release|x64.Deploy.0 = Win8 Release|x64
		{C95BADF7-6236-4196-9B1F-C8A533F12C88}.Win8.1 Debug|Mixed Platforms.ActiveCfg = Win8.1 Debug|Win32
		{C95BADF7-6236-4196-9B1F-C8A533F12C88}.Win8.1 Debug|Mixed Platforms.Build.0 = Win8.1 Debug|Win32
		{C95BADF7-6236-4196-9B1F-C8A533F12C88}.Win8.1 Debug|Win32.ActiveCfg = Win8.1 Debug|Win32
		{C95BADF7-6236-4196-9B1F-C8A533F12C88}.Win8.1 Debug|Win32.Build.0 = Win8.1 Debug|Win32
		{C95BADF7-6236-4196-9B1F-C8A533F12C88}.Win8.1 Debug|Win32.Deploy.0 = Win8.1 Debug|Win32
		{C95BADF7-6236-4196-9B1F-C8A533F12C88}.Win8.1 Debug|x64.ActiveCfg = Win8.1 Debug|x64
		{C95BADF7-6236-4196-9B1F-C8A533F12C88}.Win8.1 Debug|x64.Build.0 = Win8.1 Debug|x64
		{C95BADF7-6236-4196-9B1F-C8A533F12C88}.Win8.1 Debug|x64.Deploy.0 = Win8.1 Debug|x64
		{C95BADF7-6236-4196-9B1F-C8A533F12C88}.Win8.1 Release|Mixed Platforms.ActiveCfg = Win8.1 Release|Win32
		{C95BADF7-6236-4196-9B1F-C8A533F12C88}.Win8.1 Release|Mixed Platforms.Build.0 = Win8.1 Release|Win32
		{C95BADF7-6236-4196-9B1F-C8A533F12C88}.Win8.1 Release|Win32.ActiveCfg = Win8.1 Release|Win32
		{C95BADF7-6236-4196-9B1F-C8A533F12C88}.Win8.1 Release|Win32.Build.0 = Win8.1 Release|Win32
		{C95BADF7-6236-4196-9B1F-C8A533F12C88}.Win8.1 Release|Win32.Deploy.0 = Win8.1 Release|Win32
		{C95BADF7-6236-4196-9B1F-C8A533F12C88}.Win8.1 Release|x64.ActiveCfg = Win8.1 Release|x64
		{C95BADF7-6236-4196-9B1F-C8A533F12C88}.Win8.1 Release|x64.Build.0 = Win8.1 Release|x64
		{C95BADF7-6236-4196-9B1F-C8A533F12C88}.Win8.1 Release|x64.Deploy.0 = Win8.1 Release|x64
		{84A4A350-6DCB-40D3-BAE1-9B06D89CDA32}.Debug|Mixed Platforms.ActiveCfg = Debug|Win32
		{84A4A350-6DCB-40D3-BAE1-9B06D89CDA32}.Debug|Mixed Platforms.Build.0 = Debug|Win32
		{84A4A350-6DCB-40D3-BAE1-9B06D89CDA32}.Debug|Win32.ActiveCfg = Debug|Win32
		{84A4A350-6DCB-40D3-BAE1-9B06D89CDA32}.Debug|Win32.Build.0 = Debug|Win32
		{84A4A350-6DCB-40D3-BAE1-9B06D89CDA32}.Debug|x64.ActiveCfg = Debug|Win32
		{84A4A350-6DCB-40D3-BAE1-9B06D89CDA32}.HWF_Dirve|Mixed Platforms.ActiveCfg = Release|Win32
		{84A4A350-6DCB-40D3-BAE1-9B06D89CDA32}.HWF_Dirve|Mixed Platforms.Build.0 = Release|Win32
		{84A4A350-6DCB-40D3-BAE1-9B06D89CDA32}.HWF_Dirve|Win32.ActiveCfg = Release|Win32
		{84A4A350-6DCB-40D3-BAE1-9B06D89CDA32}.HWF_Dirve|Win32.Build.0 = Release|Win32
		{84A4A350-6DCB-40D3-BAE1-9B06D89CDA32}.HWF_Dirve|x64.ActiveCfg = Release|Win32
		{84A4A350-6DCB-40D3-BAE1-9B06D89CDA32}.Release|Mixed Platforms.ActiveCfg = Release|Win32
		{84A4A350-6DCB-40D3-BAE1-9B06D89CDA32}.Release|Mixed Platforms.Build.0 = Release|Win32
		{84A4A350-6DCB-40D3-BAE1-9B06D89CDA32}.Release|Win32.ActiveCfg = Release|Win32
		{84A4A350-6DCB-40D3-BAE1-9B06D89CDA32}.Release|Win32.Build.0 = Release|Win32
		{84A4A350-6DCB-40D3-BAE1-9B06D89CDA32}.Release|x64.ActiveCfg = Release|Win32
		{84A4A350-6DCB-40D3-BAE1-9B06D89CDA32}.Win7 Debug|Mixed Platforms.ActiveCfg = Debug|Win32
		{84A4A350-6DCB-40D3-BAE1-9B06D89CDA32}.Win7 Debug|Mixed Platforms.Build.0 = Debug|Win32
		{84A4A350-6DCB-40D3-BAE1-9B06D89CDA32}.Win7 Debug|Win32.ActiveCfg = Debug|Win32
		{84A4A350-6DCB-40D3-BAE1-9B06D89CDA32}.Win7 Debug|Win32.Build.0 = Debug|Win32
		{84A4A350-6DCB-40D3-BAE1-9B06D89CDA32}.Win7 Debug|x64.ActiveCfg = Debug|Win32
		{84A4A350-6DCB-40D3-BAE1-9B06D89CDA32}.Win7 Release|Mixed Platforms.ActiveCfg = Release|Win32
		{84A4A350-6DCB-40D3-BAE1-9B06D89CDA32}.Win7 Release|Mixed Platforms.Build.0 = Release|Win32
		{84A4A350-6DCB-40D3-BAE1-9B06D89CDA32}.Win7 Release|Win32.ActiveCfg = Release|Win32
		{84A4A350-6DCB-40D3-BAE1-9B06D89CDA32}.Win7 Release|Win32.Build.0 = Release|Win32
		{84A4A350-6DCB-40D3-BAE1-9B06D89CDA32}.Win7 Release|x64.ActiveCfg = Release|Win32
		{84A4A350-6DCB-40D3-BAE1-9B06D89CDA32}.Win8 Debug|Mixed Platforms.ActiveCfg = Debug|Win32
		{84A4A350-6DCB-40D3-BAE1-9B06D89CDA32}.Win8 Debug|Mixed Platforms.Build.0 = Debug|Win32
		{84A4A350-6DCB-40D3-BAE1-9B06D89CDA32}.Win8 Debug|Win32.ActiveCfg = Debug|Win32
		{84A4A350-6DCB-40D3-BAE1-9B06D89CDA32}.Win8 Debug|Win32.Build.0 = Debug|Win32
		{84A4A350-6DCB-40D3-BAE1-9B06D89CDA32}.Win8 Debug|x64.ActiveCfg = Debug|Win32
		{84A4A350-6DCB-40D3-BAE1-9B06D89CDA32}.Win8 Release|Mixed Platforms.ActiveCfg = Release|Win32
		{84A4A350-6DCB-40D3-BAE1-9B06D89CDA32}.Win8 Release|Mixed Platforms.Build.0 = Release|Win32
		{84A4A350-6DCB-40D3-BAE1-9B06D89CDA32}.Win8 Release|Win32.ActiveCfg = Release|Win32
		{84A4A350-6DCB-40D3-BAE1-9B06D89CDA32}.Win8 Release|Win32.Build.0 = Release|Win32
		{84A4A350-6DCB-40D3-BAE1-9B06D89CDA32}.Win8 Release|x64.ActiveCfg = Release|Win32
		{84A4A350-6DCB-40D3-BAE1-9B06D89CDA32}.Win8.1 Debug|Mixed Platforms.ActiveCfg = Debug|Win32
		{84A4A350-6DCB-40D3-BAE1-9B06D89CDA32}.Win8.1 Debug|Mixed Platforms.Build.0 = Debug|Win32
		{84A4A350-6DCB-40D3-BAE1-9B06D89CDA32}.Win8.1 Debug|Win32.ActiveCfg = Debug|Win32
		{84A4A350-6DCB-40D3-BAE1-9B06D89CDA32}.Win8.1 Debug|Win32.Build.0 = Debug|Win32
		{84A4A350-6DCB-40D3-BAE1-9B06D89CDA32}.Win8.1 Debug|x64.ActiveCfg = Debug|Win32
		{84A4A350-6DCB-40D3-BAE1-9B06D89CDA32}.Win8.1 Release|Mixed Platforms.ActiveCfg = Release|Win32
		{84A4A350-6DCB-40D3-BAE1-9B06D89CDA32}.Win8.1 Release|Mixed Platforms.Build.0 = Release|Win32
		{84A4A350-6DCB-40D3-BAE1-9B06D89CDA32}.Win8.1 Release|Win32.ActiveCfg = Release|Win32
		{84A4A350-6DCB-40D3-BAE1-9B06D89CDA32}.Win8.1 Release|Win32.Build.0 = Release|Win32
		{84A4A350-6DCB-40D3-BAE1-9B06D89CDA32}.Win8.1 Release|x64.ActiveCfg = Release|Win32
		{7FB8740D-E46C-49D9-907E-72BDF0672BF4}.Debug|Mixed Platforms.ActiveCfg = Win8.1 Debug|Win32
		{7FB8740D-E46C-49D9-907E-72BDF0672BF4}.Debug|Mixed Platforms.Build.0 = Win8.1 Debug|Win32
		{7FB8740D-E46C-49D9-907E-72BDF0672BF4}.Debug|Mixed Platforms.Deploy.0 = Win8.1 Debug|Win32
		{7FB8740D-E46C-49D9-907E-72BDF0672BF4}.Debug|Win32.ActiveCfg = Win8.1 Debug|Win32
		{7FB8740D-E46C-49D9-907E-72BDF0672BF4}.Debug|Win32.Build.0 = Win8.1 Debug|Win32
		{7FB8740D-E46C-49D9-907E-72BDF0672BF4}.Debug|Win32.Deploy.0 = Win8.1 Debug|Win32
		{7FB8740D-E46C-49D9-907E-72BDF0672BF4}.Debug|x64.ActiveCfg = Win8.1 Debug|x64
		{7FB8740D-E46C-49D9-907E-72BDF0672BF4}.Debug|x64.Build.0 = Win8.1 Debug|x64
		{7FB8740D-E46C-49D9-907E-72BDF0672BF4}.Debug|x64.Deploy.0 = Win8.1 Debug|x64
		{7FB8740D-E46C-49D9-907E-72BDF0672BF4}.HWF_Dirve|Mixed Platforms.ActiveCfg = Win8.1 Release|Win32
		{7FB8740D-E46C-49D9-907E-72BDF0672BF4}.HWF_Dirve|Mixed Platforms.Build.0 = Win8.1 Release|Win32
		{7FB8740D-E46C-49D9-907E-72BDF0672BF4}.HWF_Dirve|Mixed Platforms.Deploy.0 = Win8.1 Release|Win32
		{7FB8740D-E46C-49D9-907E-72BDF0672BF4}.HWF_Dirve|Win32.ActiveCfg = Win8.1 Release|Win32
		{7FB8740D-E46C-49D9-907E-72BDF0672BF4}.HWF_Dirve|Win32.Build.0 = Win8.1 Release|Win32
		{7FB8740D-E46C-49D9-907E-72BDF0672BF4}.HWF_Dirve|Win32.Deploy.0 = Win8.1 Release|Win32
		{7FB8740D-E46C-49D9-907E-72BDF0672BF4}.HWF_Dirve|x64.ActiveCfg = Win8.1 Release|x64
		{7FB8740D-E46C-49D9-907E-72BDF0672BF4}.HWF_Dirve|x64.Build.0 = Win8.1 Release|x64
		{7FB8740D-E46C-49D9-907E-72BDF0672BF4}.HWF_Dirve|x64.Deploy.0 = Win8.1 Release|x64
		{7FB8740D-E46C-49D9-907E-72BDF0672BF4}.Release|Mixed Platforms.ActiveCfg = Win8.1 Release|Win32
		{7FB8740D-E46C-49D9-907E-72BDF0672BF4}.Release|Mixed Platforms.Build.0 = Win8.1 Release|Win32
		{7FB8740D-E46C-49D9-907E-72BDF0672BF4}.Release|Mixed Platforms.Deploy.0 = Win8.1 Release|Win32
		{7FB8740D-E46C-49D9-907E-72BDF0672BF4}.Release|Win32.ActiveCfg = Win8.1 Release|Win32
		{7FB8740D-E46C-49D9-907E-72BDF0672BF4}.Release|Win32.Build.0 = Win8.1 Release|Win32
		{7FB8740D-E46C-49D9-907E-72BDF0672BF4}.Release|Win32.Deploy.0 = Win8.1 Release|Win32
		{7FB8740D-E46C-49D9-907E-72BDF0672BF4}.Release|x64.ActiveCfg = Win8.1 Release|x64
		{7FB8740D-E46C-49D9-907E-72BDF0672BF4}.Release|x64.Build.0 = Win8.1 Release|x64
		{7FB8740D-E46C-49D9-907E-72BDF0672BF4}.Release|x64.Deploy.0 = Win8.1 Release|x64
		{7FB8740D-E46C-49D9-907E-72BDF0672BF4}.Win7 Debug|Mixed Platforms.ActiveCfg = Win7 Debug|Win32
		{7FB8740D-E46C-49D9-907E-72BDF0672BF4}.Win7 Debug|Mixed Platforms.Build.0 = Win7 Debug|Win32
		{7FB8740D-E46C-49D9-907E-72BDF0672BF4}.Win7 Debug|Mixed Platforms.Deploy.0 = Win7 Debug|Win32
		{7FB8740D-E46C-49D9-907E-72BDF0672BF4}.Win7 Debug|Win32.ActiveCfg = Win7 Debug|Win32
		{7FB8740D-E46C-49D9-907E-72BDF0672BF4}.Win7 Debug|Win32.Build.0 = Win7 Debug|Win32
		{7FB8740D-E46C-49D9-907E-72BDF0672BF4}.Win7 Debug|Win32.Deploy.0 = Win7 Debug|Win32
		{7FB8740D-E46C-49D9-907E-72BDF0672BF4}.Win7 Debug|x64.ActiveCfg = Win7 Debug|x64
		{7FB8740D-E46C-49D9-907E-72BDF0672BF4}.Win7 Debug|x64.Build.0 = Win7 Debug|x64
		{7FB8740D-E46C-49D9-907E-72BDF0672BF4}.Win7 Debug|x64.Deploy.0 = Win7 Debug|x64
		{7FB8740D-E46C-49D9-907E-72BDF0672BF4}.Win7 Release|Mixed Platforms.ActiveCfg = Win7 Release|Win32
		{7FB8740D-E46C-49D9-907E-72BDF0672BF4}.Win7 Release|Mixed Platforms.Build.0 = Win7 Release|Win32
		{7FB8740D-E46C-49D9-907E-72BDF0672BF4}.Win7 Release|Mixed Platforms.Deploy.0 = Win7 Release|Win32
		{7FB8740D-E46C-49D9-907E-72BDF0672BF4}.Win7 Release|Win32.ActiveCfg = Win7 Release|Win32
		{7FB8740D-E46C-49D9-907E-72BDF0672BF4}.Win7 Release|Win32.Build.0 = Win7 Release|Win32
		{7FB8740D-E46C-49D9-907E-72BDF0672BF4}.Win7 Release|Win32.Deploy.0 = Win7 Release|Win32
		{7FB8740D-E46C-49D9-907E-72BDF0672BF4}.Win7 Release|x64.ActiveCfg = Win7 Release|x64
		{7FB8740D-E46C-49D9-907E-72BDF0672BF4}.Win7 Release|x64.Build.0 = Win7 Release|x64
		{7FB8740D-E46C-49D9-907E-72BDF0672BF4}.Win7 Release|x64.Deploy.0 = Win7 Release|x64
		{7FB8740D-E46C-49D9-907E-72BDF0672BF4}.Win8 Debug|Mixed Platforms.ActiveCfg = Win8 Debug|Win32
		{7FB8740D-E46C-49D9-907E-72BDF0672BF4}.Win8 Debug|Mixed Platforms.Build.0 = Win8 Debug|Win32
		{7FB8740D-E46C-49D9-907E-72BDF0672BF4}.Win8 Debug|Mixed Platforms.Deploy.0 = Win8 Debug|Win32
		{7FB8740D-E46C-49D9-907E-72BDF0672BF4}.Win8 Debug|Win32.ActiveCfg = Win8 Debug|Win32
		{7FB8740D-E46C-49D9-907E-72BDF0672BF4}.Win8 Debug|Win32.Build.0 = Win8 Debug|Win32
		{7FB8740D-E46C-49D9-907E-72BDF0672BF4}.Win8 Debug|Win32.Deploy.0 = Win8 Debug|Win32
		{7FB8740D-E46C-49D9-907E-72BDF0672BF4}.Win8 Debug|x64.ActiveCfg = Win8 Debug|x64
		{7FB8740D-E46C-49D9-907E-72BDF0672BF4}.Win8 Debug|x64.Build.0 = Win8 Debug|x64
		{7FB8740D-E46C-49D9-907E-72BDF0672BF4}.Win8 Debug|x64.Deploy.0 = Win8 Debug|x64
		{7FB8740D-E46C-49D9-907E-72BDF0672BF4}.Win8 Release|Mixed Platforms.ActiveCfg = Win8 Release|Win32
		{7FB8740D-E46C-49D9-907E-72BDF0672BF4}.Win8 Release|Mixed Platforms.Build.0 = Win8 Release|Win32
		{7FB8740D-E46C-49D9-907E-72BDF0672BF4}.Win8 Release|Mixed Platforms.Deploy.0 = Win8 Release|Win32
		{7FB8740D-E46C-49D9-907E-72BDF0672BF4}.Win8 Release|Win32.ActiveCfg = Win8 Release|Win32
		{7FB8740D-E46C-49D9-907E-72BDF0672BF4}.Win8 Release|Win32.Build.0 = Win8 Release|Win32
		{7FB8740D-E46C-49D9-907E-72BDF0672BF4}.Win8 Release|Win32.Deploy.0 = Win8 Release|Win32
		{7FB8740D-E46C-49D9-907E-72BDF0672BF4}.Win8 Release|x64.ActiveCfg = Win8 Release|x64
		{7FB8740D-E46C-49D9-907E-72BDF0672BF4}.Win8 Release|x64.Build.0 = Win8 Release|x64
		{7FB8740D-E46C-49D9-907E-72BDF0672BF4}.Win8 Release|x64.Deploy.0 = Win8 Release|x64
		{7FB8740D-E46C-49D9-907E-72BDF0672BF4}.Win8.1 Debug|Mixed Platforms.ActiveCfg = Win8.1 Debug|Win32
		{7FB8740D-E46C-49D9-907E-72BDF0672BF4}.Win8.1 Debug|Mixed Platforms.Build.0 = Win8.1 Debug|Win32
		{7FB8740D-E46C-49D9-907E-72BDF0672BF4}.Win8.1 Debug|Mixed Platforms.Deploy.0 = Win8.1 Debug|Win32
		{7FB8740D-E46C-49D9-907E-72BDF0672BF4}.Win8.1 Debug|Win32.ActiveCfg = Win8.1 Debug|Win32
		{7FB8740D-E46C-49D9-907E-72BDF0672BF4}.Win8.1 Debug|Win32.Build.0 = Win8.1 Debug|Win32
		{7FB8740D-E46C-49D9-907E-72BDF0672BF4}.Win8.1 Debug|Win32.Deploy.0 = Win8.1 Debug|Win32
		{7FB8740D-E46C-49D9-907E-72BDF0672BF4}.Win8.1 Debug|x64.ActiveCfg = Win8.1 Debug|x64
		{7FB8740D-E46C-49D9-907E-72BDF0672BF4}.Win8.1 Debug|x64.Build.0 = Win8.1 Debug|x64
		{7FB8740D-E46C-49D9-907E-72BDF0672BF4}.Win8.1 Debug|x64.Deploy.0 = Win8.1 Debug|x64
		{7FB8740D-E46C-49D9-907E-72BDF0672BF4}.Win8.1 Release|Mixed Platforms.ActiveCfg = Win8.1 Release|Win32
		{7FB8740D-E46C-49D9-907E-72BDF0672BF4}.Win8.1 Release|Mixed Platforms.Build.0 = Win8.1 Release|Win32
		{7FB8740D-E46C-49D9-907E-72BDF0672BF4}.Win8.1 Release|Mixed Platforms.Deploy.0 = Win8.1 Release|Win32
		{7FB8740D-E46C-49D9-907E-72BDF0672BF4}.Win8.1 Release|Win32.ActiveCfg = Win8.1 Release|Win32
		{7FB8740D-E46C-49D9-907E-72BDF0672BF4}.Win8.1 Release|Win32.Build.0 = Win8.1 Release|Win32
		{7FB8740D-E46C-49D9-907E-72BDF0672BF4}.Win8.1 Release|Win32.Deploy.0 = Win8.1 Release|Win32
		{7FB8740D-E46C-49D9-907E-72BDF0672BF4}.Win8.1 Release|x64.ActiveCfg = Win8.1 Release|x64
		{7FB8740D-E46C-49D9-907E-72BDF0672BF4}.Win8.1 Release|x64.Build.0 = Win8.1 Release|x64
		{7FB8740D-E46C-49D9-907E-72BDF0672BF4}.Win8.1 Release|x64.Deploy.0 = Win8.1 Release|x64
		{236E9EDC-B1C5-44B9-AF48-42D93ED195C8}.Debug|Mixed Platforms.ActiveCfg = Win8.1 Debug|Win32
		{236E9EDC-B1C5-44B9-AF48-42D93ED195C8}.Debug|Mixed Platforms.Build.0 = Win8.1 Debug|Win32
		{236E9EDC-B1C5-44B9-AF48-42D93ED195C8}.Debug|Win32.ActiveCfg = Win8.1 Debug|Win32
		{236E9EDC-B1C5-44B9-AF48-42D93ED195C8}.Debug|Win32.Build.0 = Win8.1 Debug|Win32
		{236E9EDC-B1C5-44B9-AF48-42D93ED195C8}.Debug|x64.ActiveCfg = Win8.1 Debug|x64
		{236E9EDC-B1C5-44B9-AF48-42D93ED195C8}.Debug|x64.Build.0 = Win8.1 Debug|x64
		{236E9EDC-B1C5-44B9-AF48-42D93ED195C8}.Debug|x64.Deploy.0 = Win8.1 Debug|x64
		{236E9EDC-B1C5-44B9-AF48-42D93ED195C8}.HWF_Dirve|Mixed Platforms.ActiveCfg = Win8.1 Release|Win32
		{236E9EDC-B1C5-44B9-AF48-42D93ED195C8}.HWF_Dirve|Mixed Platforms.Build.0 = Win8.1 Release|Win32
		{236E9EDC-B1C5-44B9-AF48-42D93ED195C8}.HWF_Dirve|Win32.ActiveCfg = Win8.1 Release|Win32
		{236E9EDC-B1C5-44B9-AF48-42D93ED195C8}.HWF_Dirve|Win32.Build.0 = Win8.1 Release|Win32
		{236E9EDC-B1C5-44B9-AF48-42D93ED195C8}.HWF_Dirve|x64.ActiveCfg = Win8.1 Release|x64
		{236E9EDC-B1C5-44B9-AF48-42D93ED195C8}.HWF_Dirve|x64.Build.0 = Win8.1 Release|x64
		{236E9EDC-B1C5-44B9-AF48-42D93ED195C8}.HWF_Dirve|x64.Deploy.0 = Win8.1 Release|x64
		{236E9EDC-B1C5-44B9-AF48-42D93ED195C8}.Release|Mixed Platforms.ActiveCfg = Win8.1 Release|Win32
		{236E9EDC-B1C5-44B9-AF48-42D93ED195C8}.Release|Mixed Platforms.Build.0 = Win8.1 Release|Win32
		{236E9EDC-B1C5-44B9-AF48-42D93ED195C8}.Release|Win32.ActiveCfg = Win8.1 Release|Win32
		{236E9EDC-B1C5-44B9-AF48-42D93ED195C8}.Release|Win32.Build.0 = Win8.1 Release|Win32
		{236E9EDC-B1C5-44B9-AF48-42D93ED195C8}.Release|x64.ActiveCfg = Win8.1 Release|x64
		{236E9EDC-B1C5-44B9-AF48-42D93ED195C8}.Release|x64.Build.0 = Win8.1 Release|x64
		{236E9EDC-B1C5-44B9-AF48-42D93ED195C8}.Release|x64.Deploy.0 = Win8.1 Release|x64
		{236E9EDC-B1C5-44B9-AF48-42D93ED195C8}.Win7 Debug|Mixed Platforms.ActiveCfg = Win7 Debug|Win32
		{236E9EDC-B1C5-44B9-AF48-42D93ED195C8}.Win7 Debug|Mixed Platforms.Build.0 = Win7 Debug|Win32
		{236E9EDC-B1C5-44B9-AF48-42D93ED195C8}.Win7 Debug|Win32.ActiveCfg = Win7 Debug|Win32
		{236E9EDC-B1C5-44B9-AF48-42D93ED195C8}.Win7 Debug|Win32.Build.0 = Win7 Debug|Win32
		{236E9EDC-B1C5-44B9-AF48-42D93ED195C8}.Win7 Debug|x64.ActiveCfg = Win7 Debug|x64
		{236E9EDC-B1C5-44B9-AF48-42D93ED195C8}.Win7 Debug|x64.Build.0 = Win7 Debug|x64
		{236E9EDC-B1C5-44B9-AF48-42D93ED195C8}.Win7 Debug|x64.Deploy.0 = Win7 Debug|x64
		{236E9EDC-B1C5-44B9-AF48-42D93ED195C8}.Win7 Release|Mixed Platforms.ActiveCfg = Win7 Release|Win32
		{236E9EDC-B1C5-44B9-AF48-42D93ED195C8}.Win7 Release|Mixed Platforms.Build.0 = Win7 Release|Win32
		{236E9EDC-B1C5-44B9-AF48-42D93ED195C8}.Win7 Release|Win32.ActiveCfg = Win7 Release|Win32
		{236E9EDC-B1C5-44B9-AF48-42D93ED195C8}.Win7 Release|Win32.Build.0 = Win7 Release|Win32
		{236E9EDC-B1C5-44B9-AF48-42D93ED195C8}.Win7 Release|x64.ActiveCfg = Win7 Release|x64
		{236E9EDC-B1C5-44B9-AF48-42D93ED195C8}.Win7 Release|x64.Build.0 = Win7 Release|x64
		{236E9EDC-B1C5-44B9-AF48-42D93ED195C8}.Win7 Release|x64.Deploy.0 = Win7 Release|x64
		{236E9EDC-B1C5-44B9-AF48-42D93ED195C8}.Win8 Debug|Mixed Platforms.ActiveCfg = Win8 Debug|Win32
		{236E9EDC-B1C5-44B9-AF48-42D93ED195C8}.Win8 Debug|Mixed Platforms.Build.0 = Win8 Debug|Win32
		{236E9EDC-B1C5-44B9-AF48-42D93ED195C8}.Win8 Debug|Win32.ActiveCfg = Win8 Debug|Win32
		{236E9EDC-B1C5-44B9-AF48-42D93ED195C8}.Win8 Debug|Win32.Build.0 = Win8 Debug|Win32
		{236E9EDC-B1C5-44B9-AF48-42D93ED195C8}.Win8 Debug|x64.ActiveCfg = Win8 Debug|x64
		{236E9EDC-B1C5-44B9-AF48-42D93ED195C8}.Win8 Debug|x64.Build.0 = Win8 Debug|x64
		{236E9EDC-B1C5-44B9-AF48-42D93ED195C8}.Win8 Debug|x64.Deploy.0 = Win8 Debug|x64
		{236E9EDC-B1C5-44B9-AF48-42D93ED195C8}.Win8 Release|Mixed Platforms.ActiveCfg = Win8 Release|Win32
		{236E9EDC-B1C5-44B9-AF48-42D93ED195C8}.Win8 Release|Mixed Platforms.Build.0 = Win8 Release|Win32
		{236E9EDC-B1C5-44B9-AF48-42D93ED195C8}.Win8 Release|Win32.ActiveCfg = Win8 Release|Win32
		{236E9EDC-B1C5-44B9-AF48-42D93ED195C8}.Win8 Release|Win32.Build.0 = Win8 Release|Win32
		{236E9EDC-B1C5-44B9-AF48-42D93ED195C8}.Win8 Release|x64.ActiveCfg = Win8 Release|x64
		{236E9EDC-B1C5-44B9-AF48-42D93ED195C8}.Win8 Release|x64.Build.0 = Win8 Release|x64
		{236E9EDC-B1C5-44B9-AF48-42D93ED195C8}.Win8 Release|x64.Deploy.0 = Win8 Release|x64
		{236E9EDC-B1C5-44B9-AF48-42D93ED195C8}.Win8.1 Debug|Mixed Platforms.ActiveCfg = Win8.1 Debug|Win32
		{236E9EDC-B1C5-44B9-AF48-42D93ED195C8}.Win8.1 Debug|Mixed Platforms.Build.0 = Win8.1 Debug|Win32
		{236E9EDC-B1C5-44B9-AF48-42D93ED195C8}.Win8.1 Debug|Win32.ActiveCfg = Win8.1 Debug|Win32
		{236E9EDC-B1C5-44B9-AF48-42D93ED195C8}.Win8.1 Debug|Win32.Build.0 = Win8.1 Debug|Win32
		{236E9EDC-B1C5-44B9-AF48-42D93ED195C8}.Win8.1 Debug|x64.ActiveCfg = Win8.1 Debug|x64
		{236E9EDC-B1C5-44B9-AF48-42D93ED195C8}.Win8.1 Debug|x64.Build.0 = Win8.1 Debug|x64
		{236E9EDC-B1C5-44B9-AF48-42D93ED195C8}.Win8.1 Debug|x64.Deploy.0 = Win8.1 Debug|x64
		{236E9EDC-B1C5-44B9-AF48-42D93ED195C8}.Win8.1 Release|Mixed Platforms.ActiveCfg = Win8.1 Release|Win32
		{236E9EDC-B1C5-44B9-AF48-42D93ED195C8}.Win8.1 Release|Mixed Platforms.Build.0 = Win8.1 Release|Win32
		{236E9EDC-B1C5-44B9-AF48-42D93ED195C8}.Win8.1 Release|Win32.ActiveCfg = Win8.1 Release|Win32
		{236E9EDC-B1C5-44B9-AF48-42D93ED195C8}.Win8.1 Release|Win32.Build.0 = Win8.1 Release|Win32
		{236E9EDC-B1C5-44B9-AF48-42D93ED195C8}.Win8.1 Release|x64.ActiveCfg = Win8.1 Release|x64
		{236E9EDC-B1C5-44B9-AF48-42D93ED195C8}.Win8.1 Release|x64.Build.0 = Win8.1 Release|x64
		{236E9EDC-B1C5-44B9-AF48-42D93ED195C8}.Win8.1 Release|x64.Deploy.0 = Win8.1 Release|x64
	EndGlobalSection
	GlobalSection(SolutionProperties) = preSolution
		HideSolutionNode = FALSE
	EndGlobalSection
EndGlobal
